# THIS IS AN AUTOGENERATED FILE. DO NOT EDIT THIS FILE DIRECTLY.
# yarn lockfile v1


"@antfu/utils@^0.4.0":
  version "0.4.0"
  resolved "https://registry.npmmirror.com/@antfu/utils/-/utils-0.4.0.tgz#df100ed9922d7359bf6c99083765b5207086b9a7"
  integrity sha512-gqkpvjkgFUu+s3kP+Ly33OKpo5zvVY3FDFhv5BIb98SncS3KD6DNxPfNDjwHIoyXbz1leWo1j8DtRLZ1D2Jv+Q==
  dependencies:
    "@types/throttle-debounce" "^2.1.0"

"@babel/helper-validator-identifier@^7.14.9":
  version "7.14.9"
  resolved "https://registry.nlark.com/@babel/helper-validator-identifier/download/@babel/helper-validator-identifier-7.14.9.tgz?cache=0&sync_timestamp=1627804540083&other_urls=https%3A%2F%2Fregistry.nlark.com%2F%40babel%2Fhelper-validator-identifier%2Fdownload%2F%40babel%2Fhelper-validator-identifier-7.14.9.tgz#6654d171b2024f6d8ee151bf2509699919131d48"
  integrity sha1-ZlTRcbICT22O4VG/JQlpmRkTHUg=

"@babel/parser@^7.12.0", "@babel/parser@^7.13.9":
  version "7.15.3"
  resolved "https://registry.nlark.com/@babel/parser/download/@babel/parser-7.15.3.tgz#3416d9bea748052cfcb63dbcc27368105b1ed862"
  integrity sha1-NBbZvqdIBSz8tj28wnNoEFse2GI=

"@babel/types@^7.12.0", "@babel/types@^7.13.0":
  version "7.15.0"
  resolved "https://registry.nlark.com/@babel/types/download/@babel/types-7.15.0.tgz?cache=0&sync_timestamp=1628111919490&other_urls=https%3A%2F%2Fregistry.nlark.com%2F%40babel%2Ftypes%2Fdownload%2F%40babel%2Ftypes-7.15.0.tgz#61af11f2286c4e9c69ca8deb5f4375a73c72dcbd"
  integrity sha1-Ya8R8ihsTpxpyo3rX0N1pzxy3L0=
  dependencies:
    "@babel/helper-validator-identifier" "^7.14.9"
    to-fast-properties "^2.0.0"

"@ctrl/tinycolor@^3.4.0":
  version "3.4.0"
  resolved "https://registry.npmmirror.com/@ctrl/tinycolor/-/tinycolor-3.4.0.tgz#c3c5ae543c897caa9c2a68630bed355be5f9990f"
  integrity sha512-JZButFdZ1+/xAfpguQHoabIXkcqRRKpMrWKBkpEZZyxfY9C1DpADFB8PEqGSTeFr135SaTRfKqGKx5xSCLI7ZQ==

"@element-plus/icons-vue@^0.2.6", "@element-plus/icons-vue@^0.2.7":
  version "0.2.7"
  resolved "https://registry.npmmirror.com/@element-plus/icons-vue/-/icons-vue-0.2.7.tgz#c0b75363098bf1fba414e18706604bfe5057ae1b"
  integrity sha512-S8kDbfVaWkQvbUYQE1ui448tzaHfUvyESCep9J6uPRlViyQPXjdIfwLBhV6AmQSOfFS8rL+xehJGhvzPXLrSBg==

"@intlify/core-base@9.1.7":
  version "9.1.7"
  resolved "https://registry.nlark.com/@intlify/core-base/download/@intlify/core-base-9.1.7.tgz#a454a492683690bc3d0abab82605ab5a23645bd0"
  integrity sha1-pFSkkmg2kLw9Crq4JgWrWiNkW9A=
  dependencies:
    "@intlify/devtools-if" "9.1.7"
    "@intlify/message-compiler" "9.1.7"
    "@intlify/message-resolver" "9.1.7"
    "@intlify/runtime" "9.1.7"
    "@intlify/shared" "9.1.7"
    "@intlify/vue-devtools" "9.1.7"

"@intlify/devtools-if@9.1.7":
  version "9.1.7"
  resolved "https://registry.nlark.com/@intlify/devtools-if/download/@intlify/devtools-if-9.1.7.tgz#a5df0f33e06c3ead3e53b7f4d4b10a2d52309361"
  integrity sha1-pd8PM+BsPq0+U7f01LEKLVIwk2E=
  dependencies:
    "@intlify/shared" "9.1.7"

"@intlify/message-compiler@9.1.7":
  version "9.1.7"
  resolved "https://registry.nlark.com/@intlify/message-compiler/download/@intlify/message-compiler-9.1.7.tgz#4663fcc2a190f3cc6970e12565c8d6f22beeb719"
  integrity sha1-RmP8wqGQ88xpcOElZcjW8ivutxk=
  dependencies:
    "@intlify/message-resolver" "9.1.7"
    "@intlify/shared" "9.1.7"
    source-map "0.6.1"

"@intlify/message-resolver@9.1.7":
  version "9.1.7"
  resolved "https://registry.nlark.com/@intlify/message-resolver/download/@intlify/message-resolver-9.1.7.tgz#a95d13866c8de85784358039c8845668152e4162"
  integrity sha1-qV0ThmyN6FeENYA5yIRWaBUuQWI=

"@intlify/runtime@9.1.7":
  version "9.1.7"
  resolved "https://registry.nlark.com/@intlify/runtime/download/@intlify/runtime-9.1.7.tgz#67e0d6b2fd85a5b0b301a151c2f436f93154c3c6"
  integrity sha1-Z+DWsv2FpbCzAaFRwvQ2+TFUw8Y=
  dependencies:
    "@intlify/message-compiler" "9.1.7"
    "@intlify/message-resolver" "9.1.7"
    "@intlify/shared" "9.1.7"

"@intlify/shared@9.1.7":
  version "9.1.7"
  resolved "https://registry.nlark.com/@intlify/shared/download/@intlify/shared-9.1.7.tgz#e7d8bc90cb59dc17dd7b4c85a73db16fcb7891fc"
  integrity sha1-59i8kMtZ3Bfde0yFpz2xb8t4kfw=

"@intlify/vue-devtools@9.1.7":
  version "9.1.7"
  resolved "https://registry.nlark.com/@intlify/vue-devtools/download/@intlify/vue-devtools-9.1.7.tgz#b08d39bb5f21ba9b1954eab9466e9408129425a7"
  integrity sha1-sI05u18hupsZVOq5Rm6UCBKUJac=
  dependencies:
    "@intlify/message-resolver" "9.1.7"
    "@intlify/runtime" "9.1.7"
    "@intlify/shared" "9.1.7"

"@nodelib/fs.scandir@2.1.5":
  version "2.1.5"
  resolved "https://registry.nlark.com/@nodelib/fs.scandir/download/@nodelib/fs.scandir-2.1.5.tgz#7619c2eb21b25483f6d167548b4cfd5a7488c3d5"
  integrity sha1-dhnC6yGyVIP20WdUi0z9WnSIw9U=
  dependencies:
    "@nodelib/fs.stat" "2.0.5"
    run-parallel "^1.1.9"

"@nodelib/fs.stat@2.0.5", "@nodelib/fs.stat@^2.0.2":
  version "2.0.5"
  resolved "https://registry.nlark.com/@nodelib/fs.stat/download/@nodelib/fs.stat-2.0.5.tgz#5bd262af94e9d25bd1e71b05deed44876a222e8b"
  integrity sha1-W9Jir5Tp0lvR5xsF3u1Eh2oiLos=

"@nodelib/fs.walk@^1.2.3":
  version "1.2.8"
  resolved "https://registry.nlark.com/@nodelib/fs.walk/download/@nodelib/fs.walk-1.2.8.tgz?cache=0&sync_timestamp=1625771972520&other_urls=https%3A%2F%2Fregistry.nlark.com%2F%40nodelib%2Ffs.walk%2Fdownload%2F%40nodelib%2Ffs.walk-1.2.8.tgz#e95737e8bb6746ddedf69c556953494f196fe69a"
  integrity sha1-6Vc36LtnRt3t9pxVaVNJTxlv5po=
  dependencies:
    "@nodelib/fs.scandir" "2.1.5"
    fastq "^1.6.0"

"@popperjs/core@^2.11.2":
  version "2.11.2"
  resolved "https://registry.npmmirror.com/@popperjs/core/-/core-2.11.2.tgz#830beaec4b4091a9e9398ac50f865ddea52186b9"
  integrity sha512-92FRmppjjqz29VMJ2dn+xdyXZBrMlE42AV6Kq6BwjWV7CNUW1hs2FtxSNLQE+gJhaZ6AAmYuO9y8dshhcBl7vA==

"@rollup/plugin-node-resolve@^13.0.4":
  version "13.0.4"
  resolved "https://registry.nlark.com/@rollup/plugin-node-resolve/download/@rollup/plugin-node-resolve-13.0.4.tgz?cache=0&sync_timestamp=1627190522702&other_urls=https%3A%2F%2Fregistry.nlark.com%2F%40rollup%2Fplugin-node-resolve%2Fdownload%2F%40rollup%2Fplugin-node-resolve-13.0.4.tgz#b10222f4145a019740acb7738402130d848660c0"
  integrity sha1-sQIi9BRaAZdArLdzhAITDYSGYMA=
  dependencies:
    "@rollup/pluginutils" "^3.1.0"
    "@types/resolve" "1.17.1"
    builtin-modules "^3.1.0"
    deepmerge "^4.2.2"
    is-module "^1.0.0"
    resolve "^1.19.0"

"@rollup/pluginutils@^3.1.0":
  version "3.1.0"
  resolved "https://registry.nlark.com/@rollup/pluginutils/download/@rollup/pluginutils-3.1.0.tgz?cache=0&sync_timestamp=1626394851739&other_urls=https%3A%2F%2Fregistry.nlark.com%2F%40rollup%2Fpluginutils%2Fdownload%2F%40rollup%2Fpluginutils-3.1.0.tgz#706b4524ee6dc8b103b3c995533e5ad680c02b9b"
  integrity sha1-cGtFJO5tyLEDs8mVUz5a1oDAK5s=
  dependencies:
    "@types/estree" "0.0.39"
    estree-walker "^1.0.1"
    picomatch "^2.2.2"

"@rollup/pluginutils@^4.1.2":
  version "4.1.2"
  resolved "https://registry.npmmirror.com/@rollup/pluginutils/-/pluginutils-4.1.2.tgz#ed5821c15e5e05e32816f5fb9ec607cdf5a75751"
  integrity sha512-ROn4qvkxP9SyPeHaf7uQC/GPFY6L/OWy9+bd9AwcjOAWQwxRscoEyAUD8qCY5o5iL4jqQwoLk2kaTKJPb/HwzQ==
  dependencies:
    estree-walker "^2.0.1"
    picomatch "^2.2.2"

"@types/estree@0.0.39":
  version "0.0.39"
  resolved "https://registry.nlark.com/@types/estree/download/@types/estree-0.0.39.tgz?cache=0&sync_timestamp=1629707592205&other_urls=https%3A%2F%2Fregistry.nlark.com%2F%40types%2Festree%2Fdownload%2F%40types%2Festree-0.0.39.tgz#e177e699ee1b8c22d23174caaa7422644389509f"
  integrity sha1-4Xfmme4bjCLSMXTKqnQiZEOJUJ8=

"@types/estree@^0.0.48":
  version "0.0.48"
  resolved "https://registry.nlark.com/@types/estree/download/@types/estree-0.0.48.tgz?cache=0&sync_timestamp=1629707592205&other_urls=https%3A%2F%2Fregistry.nlark.com%2F%40types%2Festree%2Fdownload%2F%40types%2Festree-0.0.48.tgz#18dc8091b285df90db2f25aa7d906cfc394b7f74"
  integrity sha1-GNyAkbKF35DbLyWqfZBs/DlLf3Q=

"@types/mockjs@^1.0.4":
  version "1.0.4"
  resolved "https://registry.nlark.com/@types/mockjs/download/@types/mockjs-1.0.4.tgz#e706951d5e33b4f0a4bb73b1f8b124e26f081de0"
  integrity sha1-5waVHV4ztPCku3Ox+LEk4m8IHeA=

"@types/node@*":
  version "16.7.1"
  resolved "https://registry.nlark.com/@types/node/download/@types/node-16.7.1.tgz?cache=0&sync_timestamp=1629504611463&other_urls=https%3A%2F%2Fregistry.nlark.com%2F%40types%2Fnode%2Fdownload%2F%40types%2Fnode-16.7.1.tgz#c6b9198178da504dfca1fd0be9b2e1002f1586f0"
  integrity sha1-xrkZgXjaUE38of0L6bLhAC8VhvA=

"@types/resolve@1.17.1":
  version "1.17.1"
  resolved "https://registry.nlark.com/@types/resolve/download/@types/resolve-1.17.1.tgz#3afd6ad8967c77e4376c598a82ddd58f46ec45d6"
  integrity sha1-Ov1q2JZ8d+Q3bFmKgt3Vj0bsRdY=
  dependencies:
    "@types/node" "*"

"@types/throttle-debounce@^2.1.0":
  version "2.1.0"
  resolved "https://registry.npmmirror.com/@types/throttle-debounce/-/throttle-debounce-2.1.0.tgz#1c3df624bfc4b62f992d3012b84c56d41eab3776"
  integrity sha512-5eQEtSCoESnh2FsiLTxE121IiE60hnMqcb435fShf4bpLRjEu1Eoekht23y6zXS9Ts3l+Szu3TARnTsA0GkOkQ==

"@vitejs/plugin-vue@^1.1.5":
  version "1.4.0"
  resolved "https://registry.nlark.com/@vitejs/plugin-vue/download/@vitejs/plugin-vue-1.4.0.tgz?cache=0&sync_timestamp=1628298345114&other_urls=https%3A%2F%2Fregistry.nlark.com%2F%40vitejs%2Fplugin-vue%2Fdownload%2F%40vitejs%2Fplugin-vue-1.4.0.tgz#962ae01b7fd16ad4007898c64ed639136e12215b"
  integrity sha1-lirgG3/RatQAeJjGTtY5E24SIVs=

"@vue/compiler-core@3.2.4":
  version "3.2.4"
  resolved "https://registry.nlark.com/@vue/compiler-core/download/@vue/compiler-core-3.2.4.tgz?cache=0&sync_timestamp=1629218802866&other_urls=https%3A%2F%2Fregistry.nlark.com%2F%40vue%2Fcompiler-core%2Fdownload%2F%40vue%2Fcompiler-core-3.2.4.tgz#a98d295771998c1e8dccc4ee3d52feb14b02aea9"
  integrity sha1-qY0pV3GZjB6NzMTuPVL+sUsCrqk=
  dependencies:
    "@babel/parser" "^7.12.0"
    "@babel/types" "^7.12.0"
    "@vue/shared" "3.2.4"
    estree-walker "^2.0.1"
    source-map "^0.6.1"

"@vue/compiler-dom@3.2.4":
  version "3.2.4"
  resolved "https://registry.nlark.com/@vue/compiler-dom/download/@vue/compiler-dom-3.2.4.tgz?cache=0&sync_timestamp=1629218803439&other_urls=https%3A%2F%2Fregistry.nlark.com%2F%40vue%2Fcompiler-dom%2Fdownload%2F%40vue%2Fcompiler-dom-3.2.4.tgz#3a43de243eba127abbe57e796a0b969d2df78c08"
  integrity sha1-OkPeJD66Enq75X55aguWnS33jAg=
  dependencies:
    "@vue/compiler-core" "3.2.4"
    "@vue/shared" "3.2.4"

"@vue/compiler-sfc@^3.0.5":
  version "3.2.4"
  resolved "https://registry.nlark.com/@vue/compiler-sfc/download/@vue/compiler-sfc-3.2.4.tgz#9807868cc950291f163c3930a81bb16e870df097"
  integrity sha1-mAeGjMlQKR8WPDkwqBuxbocN8Jc=
  dependencies:
    "@babel/parser" "^7.13.9"
    "@babel/types" "^7.13.0"
    "@types/estree" "^0.0.48"
    "@vue/compiler-core" "3.2.4"
    "@vue/compiler-dom" "3.2.4"
    "@vue/compiler-ssr" "3.2.4"
    "@vue/shared" "3.2.4"
    consolidate "^0.16.0"
    estree-walker "^2.0.1"
    hash-sum "^2.0.0"
    lru-cache "^5.1.1"
    magic-string "^0.25.7"
    merge-source-map "^1.1.0"
    postcss "^8.1.10"
    postcss-modules "^4.0.0"
    postcss-selector-parser "^6.0.4"
    source-map "^0.6.1"

"@vue/compiler-ssr@3.2.4":
  version "3.2.4"
  resolved "https://registry.nlark.com/@vue/compiler-ssr/download/@vue/compiler-ssr-3.2.4.tgz?cache=0&sync_timestamp=1629218803713&other_urls=https%3A%2F%2Fregistry.nlark.com%2F%40vue%2Fcompiler-ssr%2Fdownload%2F%40vue%2Fcompiler-ssr-3.2.4.tgz#be51f219c2042b3e530373e60bc126ada6bb1cc0"
  integrity sha1-vlHyGcIEKz5TA3PmC8Emraa7HMA=
  dependencies:
    "@vue/compiler-dom" "3.2.4"
    "@vue/shared" "3.2.4"

"@vue/devtools-api@^6.0.0-beta.11", "@vue/devtools-api@^6.0.0-beta.14", "@vue/devtools-api@^6.0.0-beta.7":
  version "6.0.0-beta.15"
  resolved "https://registry.nlark.com/@vue/devtools-api/download/@vue/devtools-api-6.0.0-beta.15.tgz#ad7cb384e062f165bcf9c83732125bffbc2ad83d"
  integrity sha1-rXyzhOBi8WW8+cg3MhJb/7wq2D0=

"@vue/reactivity@3.2.4":
  version "3.2.4"
  resolved "https://registry.nlark.com/@vue/reactivity/download/@vue/reactivity-3.2.4.tgz?cache=0&sync_timestamp=1629218804796&other_urls=https%3A%2F%2Fregistry.nlark.com%2F%40vue%2Freactivity%2Fdownload%2F%40vue%2Freactivity-3.2.4.tgz#a020ad7e50f674219a07764b105b5922e61597ea"
  integrity sha1-oCCtflD2dCGaB3ZLEFtZIuYVl+o=
  dependencies:
    "@vue/shared" "3.2.4"

"@vue/runtime-core@3.2.4":
  version "3.2.4"
  resolved "https://registry.nlark.com/@vue/runtime-core/download/@vue/runtime-core-3.2.4.tgz?cache=0&sync_timestamp=1629218804006&other_urls=https%3A%2F%2Fregistry.nlark.com%2F%40vue%2Fruntime-core%2Fdownload%2F%40vue%2Fruntime-core-3.2.4.tgz#da5dde3dc1e48df99dd31ea9a972f5c02acdc3f5"
  integrity sha1-2l3ePcHkjfmd0x6pqXL1wCrNw/U=
  dependencies:
    "@vue/reactivity" "3.2.4"
    "@vue/shared" "3.2.4"

"@vue/runtime-dom@3.2.4":
  version "3.2.4"
  resolved "https://registry.nlark.com/@vue/runtime-dom/download/@vue/runtime-dom-3.2.4.tgz?cache=0&sync_timestamp=1629218804501&other_urls=https%3A%2F%2Fregistry.nlark.com%2F%40vue%2Fruntime-dom%2Fdownload%2F%40vue%2Fruntime-dom-3.2.4.tgz#1025595f2ae99a12fe0e1e6bce8df6761efec24b"
  integrity sha1-ECVZXyrpmhL+Dh5rzo32dh7+wks=
  dependencies:
    "@vue/runtime-core" "3.2.4"
    "@vue/shared" "3.2.4"
    csstype "^2.6.8"

"@vue/shared@3.2.4":
  version "3.2.4"
  resolved "https://registry.nlark.com/@vue/shared/download/@vue/shared-3.2.4.tgz#ba2a09527afff27b28d08f921b4a597e9504ca7a"
  integrity sha1-uioJUnr/8nso0I+SG0pZfpUEyno=

"@vueuse/core@^7.5.5":
  version "7.6.0"
  resolved "https://registry.npmmirror.com/@vueuse/core/-/core-7.6.0.tgz#821dfbe137a00a4a25da5848c7e6ab1e04953198"
  integrity sha512-gTkTYbOO19AnhmbH39mMlfoOOcxSSOtXeI69Ixm7gE/C0eT8Vnpb7VE9KGrobCr4sUqE5fmwAdPIYkdB/NJIzQ==
  dependencies:
    "@vueuse/shared" "7.6.0"
    vue-demi "*"

"@vueuse/shared@7.6.0":
  version "7.6.0"
  resolved "https://registry.npmmirror.com/@vueuse/shared/-/shared-7.6.0.tgz#37da9008f2263a0478743d05f485a00a6d2b9024"
  integrity sha512-+Q0XVQHX/Low2dQMZfrkZcOOY6oB5+JNOEsM2HJFCjAvhotujpGnQiwyfGKb35wxynlmR97oCCZmGuVMgv/9dg==
  dependencies:
    vue-demi "*"

ansi-styles@^4.1.0:
  version "4.3.0"
  resolved "https://registry.nlark.com/ansi-styles/download/ansi-styles-4.3.0.tgz?cache=0&sync_timestamp=1618995651629&other_urls=https%3A%2F%2Fregistry.nlark.com%2Fansi-styles%2Fdownload%2Fansi-styles-4.3.0.tgz#edd803628ae71c04c85ae7a0906edad34b648937"
  integrity sha1-7dgDYornHATIWuegkG7a00tkiTc=
  dependencies:
    color-convert "^2.0.1"

anymatch@~3.1.2:
  version "3.1.2"
  resolved "https://registry.npm.taobao.org/anymatch/download/anymatch-3.1.2.tgz?cache=0&sync_timestamp=1617747660359&other_urls=https%3A%2F%2Fregistry.npm.taobao.org%2Fanymatch%2Fdownload%2Fanymatch-3.1.2.tgz#c0557c096af32f106198f4f4e2a383537e378716"
  integrity sha1-wFV8CWrzLxBhmPT04qODU343hxY=
  dependencies:
    normalize-path "^3.0.0"
    picomatch "^2.0.4"

async-validator@^4.0.7:
  version "4.0.7"
  resolved "https://registry.npmmirror.com/async-validator/-/async-validator-4.0.7.tgz#034a0fd2103a6b2ebf010da75183bec299247afe"
  integrity sha512-Pj2IR7u8hmUEDOwB++su6baaRi+QvsgajuFB9j95foM1N2gy5HM4z60hfusIO0fBPG5uLAEl6yCJr1jNSVugEQ==

axios@^0.21.1:
  version "0.21.1"
  resolved "https://registry.npm.taobao.org/axios/download/axios-0.21.1.tgz#22563481962f4d6bde9a76d516ef0e5d3c09b2b8"
  integrity sha1-IlY0gZYvTWvemnbVFu8OXTwJsrg=
  dependencies:
    follow-redirects "^1.10.0"

balanced-match@^1.0.0:
  version "1.0.2"
  resolved "https://registry.npmmirror.com/balanced-match/-/balanced-match-1.0.2.tgz#e83e3a7e3f300b34cb9d87f615fa0cbf357690ee"
  integrity sha512-3oSeUO0TMV67hN1AmbXsK4yaqU7tjiHlbxRDZOpH0KW9+CeX4bRAaX0Anxt0tx2MrpRpWwQaPwIlISEJhYU5Pw==

big.js@^5.2.2:
  version "5.2.2"
  resolved "https://registry.nlark.com/big.js/download/big.js-5.2.2.tgz#65f0af382f578bcdc742bd9c281e9cb2d7768328"
  integrity sha1-ZfCvOC9Xi83HQr2cKB6cstd2gyg=

binary-extensions@^2.0.0:
  version "2.2.0"
  resolved "https://registry.npm.taobao.org/binary-extensions/download/binary-extensions-2.2.0.tgz?cache=0&sync_timestamp=1610299373298&other_urls=https%3A%2F%2Fregistry.npm.taobao.org%2Fbinary-extensions%2Fdownload%2Fbinary-extensions-2.2.0.tgz#75f502eeaf9ffde42fc98829645be4ea76bd9e2d"
  integrity sha1-dfUC7q+f/eQvyYgpZFvk6na9ni0=

bluebird@^3.7.2:
  version "3.7.2"
  resolved "https://registry.npm.taobao.org/bluebird/download/bluebird-3.7.2.tgz?cache=0&sync_timestamp=1574981921523&other_urls=https%3A%2F%2Fregistry.npm.taobao.org%2Fbluebird%2Fdownload%2Fbluebird-3.7.2.tgz#9f229c15be272454ffa973ace0dbee79a1b0c36f"
  integrity sha1-nyKcFb4nJFT/qXOs4NvueaGww28=

brace-expansion@^1.1.7:
  version "1.1.11"
  resolved "https://registry.npmmirror.com/brace-expansion/-/brace-expansion-1.1.11.tgz#3c7fcbf529d87226f3d2f52b966ff5271eb441dd"
  integrity sha512-iCuPHDFgrHX7H2vEI/5xpz07zSHB00TpugqhmYtVmMO6518mCuRMoOYFldEBl0g187ufozdaHgWKcYFb61qGiA==
  dependencies:
    balanced-match "^1.0.0"
    concat-map "0.0.1"

braces@^3.0.1, braces@~3.0.2:
  version "3.0.2"
  resolved "https://registry.npm.taobao.org/braces/download/braces-3.0.2.tgz#3454e1a462ee8d599e236df336cd9ea4f8afe107"
  integrity sha1-NFThpGLujVmeI23zNs2epPiv4Qc=
  dependencies:
    fill-range "^7.0.1"

builtin-modules@^3.1.0:
  version "3.2.0"
  resolved "https://registry.nlark.com/builtin-modules/download/builtin-modules-3.2.0.tgz#45d5db99e7ee5e6bc4f362e008bf917ab5049887"
  integrity sha1-RdXbmefuXmvE82LgCL+RerUEmIc=

chalk@^4.1.2:
  version "4.1.2"
  resolved "https://registry.nlark.com/chalk/download/chalk-4.1.2.tgz?cache=0&sync_timestamp=1627646655305&other_urls=https%3A%2F%2Fregistry.nlark.com%2Fchalk%2Fdownload%2Fchalk-4.1.2.tgz#aac4e2b7734a740867aeb16bf02aad556a1e7a01"
  integrity sha1-qsTit3NKdAhnrrFr8CqtVWoeegE=
  dependencies:
    ansi-styles "^4.1.0"
    supports-color "^7.1.0"

"chokidar@>=3.0.0 <4.0.0", chokidar@^3.5.2:
  version "3.5.2"
  resolved "https://registry.nlark.com/chokidar/download/chokidar-3.5.2.tgz#dba3976fcadb016f66fd365021d91600d01c1e75"
  integrity sha1-26OXb8rbAW9m/TZQIdkWANAcHnU=
  dependencies:
    anymatch "~3.1.2"
    braces "~3.0.2"
    glob-parent "~5.1.2"
    is-binary-path "~2.1.0"
    is-glob "~4.0.1"
    normalize-path "~3.0.0"
    readdirp "~3.6.0"
  optionalDependencies:
    fsevents "~2.3.2"

color-convert@^2.0.1:
  version "2.0.1"
  resolved "https://registry.npm.taobao.org/color-convert/download/color-convert-2.0.1.tgz#72d3a68d598c9bdb3af2ad1e84f21d896abd4de3"
  integrity sha1-ctOmjVmMm9s68q0ehPIdiWq9TeM=
  dependencies:
    color-name "~1.1.4"

color-name@~1.1.4:
  version "1.1.4"
  resolved "https://registry.npm.taobao.org/color-name/download/color-name-1.1.4.tgz#c2a09a87acbde69543de6f63fa3995c826c536a2"
  integrity sha1-wqCah6y95pVD3m9j+jmVyCbFNqI=

colorette@^1.2.2:
  version "1.3.0"
  resolved "https://registry.nlark.com/colorette/download/colorette-1.3.0.tgz?cache=0&sync_timestamp=1628600405537&other_urls=https%3A%2F%2Fregistry.nlark.com%2Fcolorette%2Fdownload%2Fcolorette-1.3.0.tgz#ff45d2f0edb244069d3b772adeb04fed38d0a0af"
  integrity sha1-/0XS8O2yRAadO3cq3rBP7TjQoK8=

commander@*:
  version "8.1.0"
  resolved "https://registry.nlark.com/commander/download/commander-8.1.0.tgz?cache=0&sync_timestamp=1627359190297&other_urls=https%3A%2F%2Fregistry.nlark.com%2Fcommander%2Fdownload%2Fcommander-8.1.0.tgz#db36e3e66edf24ff591d639862c6ab2c52664362"
  integrity sha1-2zbj5m7fJP9ZHWOYYsarLFJmQ2I=

concat-map@0.0.1:
  version "0.0.1"
  resolved "https://registry.npmmirror.com/concat-map/-/concat-map-0.0.1.tgz#d8a96bd77fd68df7793a73036a3ba0d5405d477b"
  integrity sha512-/Srv4dswyQNBfohGpz9o6Yb3Gz3SrUDqBH5rTuhGR7ahtlbYKnVxw2bCFMRljaA7EXHaXZ8wsHdodFvbkhKmqg==

connect@^3.7.0:
  version "3.7.0"
  resolved "https://registry.nlark.com/connect/download/connect-3.7.0.tgz#5d49348910caa5e07a01800b030d0c35f20484f8"
  integrity sha1-XUk0iRDKpeB6AYALAw0MNfIEhPg=
  dependencies:
    debug "2.6.9"
    finalhandler "1.1.2"
    parseurl "~1.3.3"
    utils-merge "1.0.1"

consolidate@^0.16.0:
  version "0.16.0"
  resolved "https://registry.npm.taobao.org/consolidate/download/consolidate-0.16.0.tgz#a11864768930f2f19431660a65906668f5fbdc16"
  integrity sha1-oRhkdokw8vGUMWYKZZBmaPX73BY=
  dependencies:
    bluebird "^3.7.2"

cssesc@^3.0.0:
  version "3.0.0"
  resolved "https://registry.npm.taobao.org/cssesc/download/cssesc-3.0.0.tgz#37741919903b868565e1c09ea747445cd18983ee"
  integrity sha1-N3QZGZA7hoVl4cCep0dEXNGJg+4=

csstype@^2.6.8:
  version "2.6.17"
  resolved "https://registry.nlark.com/csstype/download/csstype-2.6.17.tgz#4cf30eb87e1d1a005d8b6510f95292413f6a1c0e"
  integrity sha1-TPMOuH4dGgBdi2UQ+VKSQT9qHA4=

dayjs@^1.10.7:
  version "1.10.7"
  resolved "https://registry.npmmirror.com/dayjs/-/dayjs-1.10.7.tgz#2cf5f91add28116748440866a0a1d26f3a6ce468"
  integrity sha512-P6twpd70BcPK34K26uJ1KT3wlhpuOAPoMwJzpsIWUxHZ7wpmbdZL/hQqBDfz7hGurYSa5PhzdhDHtt319hL3ig==

debug@2.6.9:
  version "2.6.9"
  resolved "https://registry.nlark.com/debug/download/debug-2.6.9.tgz?cache=0&sync_timestamp=1625374632845&other_urls=https%3A%2F%2Fregistry.nlark.com%2Fdebug%2Fdownload%2Fdebug-2.6.9.tgz#5d128515df134ff327e90a4c93f4e077a536341f"
  integrity sha1-XRKFFd8TT/Mn6QpMk/Tgd6U2NB8=
  dependencies:
    ms "2.0.0"

debug@^4.3.2:
  version "4.3.2"
  resolved "https://registry.nlark.com/debug/download/debug-4.3.2.tgz?cache=0&sync_timestamp=1625374632845&other_urls=https%3A%2F%2Fregistry.nlark.com%2Fdebug%2Fdownload%2Fdebug-4.3.2.tgz#f0a49c18ac8779e31d4a0c6029dfb76873c7428b"
  integrity sha1-8KScGKyHeeMdSgxgKd+3aHPHQos=
  dependencies:
    ms "2.1.2"

debug@^4.3.3:
  version "4.3.3"
  resolved "https://registry.npmmirror.com/debug/-/debug-4.3.3.tgz#04266e0b70a98d4462e6e288e38259213332b664"
  integrity sha512-/zxw5+vh1Tfv+4Qn7a5nsbcJKPaSvCDhojn6FEl9vupwK2VCSDtEiEtqr8DFtzYFOdz63LBkxec7DYuc2jon6Q==
  dependencies:
    ms "2.1.2"

deepmerge@^4.2.2:
  version "4.2.2"
  resolved "https://registry.nlark.com/deepmerge/download/deepmerge-4.2.2.tgz?cache=0&sync_timestamp=1618847453678&other_urls=https%3A%2F%2Fregistry.nlark.com%2Fdeepmerge%2Fdownload%2Fdeepmerge-4.2.2.tgz#44d2ea3679b8f4d4ffba33f03d865fc1e7bf4955"
  integrity sha1-RNLqNnm49NT/ujPwPYZfwee/SVU=

ee-first@1.1.1:
  version "1.1.1"
  resolved "https://registry.npm.taobao.org/ee-first/download/ee-first-1.1.1.tgz#590c61156b0ae2f4f0255732a158b266bc56b21d"
  integrity sha1-WQxhFWsK4vTwJVcyoViyZrxWsh0=

element-plus@^2.0.1:
  version "2.0.1"
  resolved "https://registry.npmmirror.com/element-plus/-/element-plus-2.0.1.tgz#0ac58a45454bc17558f66b477e0233bddc18b7be"
  integrity sha512-Cdx3JhbMNGwVsU12DUewIltJ1hUYVSgx2iBB8AuNzzOxAqcxSA9e7p2lfNp8oCBQeh4ThRSaOkdLnJyO4mS3qQ==
  dependencies:
    "@ctrl/tinycolor" "^3.4.0"
    "@element-plus/icons-vue" "^0.2.6"
    "@popperjs/core" "^2.11.2"
    "@vueuse/core" "^7.5.5"
    async-validator "^4.0.7"
    dayjs "^1.10.7"
    lodash "^4.17.21"
    memoize-one "^6.0.0"
    normalize-wheel-es "^1.1.1"

emojis-list@^3.0.0:
  version "3.0.0"
  resolved "https://registry.npm.taobao.org/emojis-list/download/emojis-list-3.0.0.tgz#5570662046ad29e2e916e71aae260abdff4f6a78"
  integrity sha1-VXBmIEatKeLpFucariYKvf9Pang=

encodeurl@~1.0.2:
  version "1.0.2"
  resolved "https://registry.npm.taobao.org/encodeurl/download/encodeurl-1.0.2.tgz#ad3ff4c86ec2d029322f5a02c3a9a606c95b3f59"
  integrity sha1-rT/0yG7C0CkyL1oCw6mmBslbP1k=

esbuild@0.11.3:
  version "0.11.3"
  resolved "https://registry.nlark.com/esbuild/download/esbuild-0.11.3.tgz#b57165b907be4ffba651f6450538ce8d8c1d5eb0"
  integrity sha1-tXFluQe+T/umUfZFBTjOjYwdXrA=

esbuild@^0.12.17:
  version "0.12.22"
  resolved "https://registry.nlark.com/esbuild/download/esbuild-0.12.22.tgz#6031a1257b8d0307d306bed673b79c3668607f51"
  integrity sha1-YDGhJXuNAwfTBr7Wc7ecNmhgf1E=

escape-html@~1.0.3:
  version "1.0.3"
  resolved "https://registry.npm.taobao.org/escape-html/download/escape-html-1.0.3.tgz#0258eae4d3d0c0974de1c169188ef0051d1d1988"
  integrity sha1-Aljq5NPQwJdN4cFpGI7wBR0dGYg=

estree-walker@^1.0.1:
  version "1.0.1"
  resolved "https://registry.nlark.com/estree-walker/download/estree-walker-1.0.1.tgz#31bc5d612c96b704106b477e6dd5d8aa138cb700"
  integrity sha1-MbxdYSyWtwQQa0d+bdXYqhOMtwA=

estree-walker@^2.0.1:
  version "2.0.2"
  resolved "https://registry.nlark.com/estree-walker/download/estree-walker-2.0.2.tgz#52f010178c2a4c117a7757cfe942adb7d2da4cac"
  integrity sha1-UvAQF4wqTBF6d1fP6UKtt9LaTKw=

fast-glob@^3.2.11:
  version "3.2.11"
  resolved "https://registry.npmmirror.com/fast-glob/-/fast-glob-3.2.11.tgz#a1172ad95ceb8a16e20caa5c5e56480e5129c1d9"
  integrity sha512-xrO3+1bxSo3ZVHAnqzyuewYT6aMFHRAd4Kcs92MAonjwQZLsK9d0SF1IyQ3k5PoirxTW0Oe/RqFgMQ6TcNE5Ew==
  dependencies:
    "@nodelib/fs.stat" "^2.0.2"
    "@nodelib/fs.walk" "^1.2.3"
    glob-parent "^5.1.2"
    merge2 "^1.3.0"
    micromatch "^4.0.4"

fast-glob@^3.2.7:
  version "3.2.7"
  resolved "https://registry.nlark.com/fast-glob/download/fast-glob-3.2.7.tgz#fd6cb7a2d7e9aa7a7846111e85a196d6b2f766a1"
  integrity sha1-/Wy3otfpqnp4RhEehaGW1rL3ZqE=
  dependencies:
    "@nodelib/fs.stat" "^2.0.2"
    "@nodelib/fs.walk" "^1.2.3"
    glob-parent "^5.1.2"
    merge2 "^1.3.0"
    micromatch "^4.0.4"

fastq@^1.6.0:
  version "1.12.0"
  resolved "https://registry.nlark.com/fastq/download/fastq-1.12.0.tgz?cache=0&sync_timestamp=1629360956808&other_urls=https%3A%2F%2Fregistry.nlark.com%2Ffastq%2Fdownload%2Ffastq-1.12.0.tgz#ed7b6ab5d62393fb2cc591c853652a5c318bf794"
  integrity sha1-7XtqtdYjk/ssxZHIU2UqXDGL95Q=
  dependencies:
    reusify "^1.0.4"

fill-range@^7.0.1:
  version "7.0.1"
  resolved "https://registry.nlark.com/fill-range/download/fill-range-7.0.1.tgz#1919a6a7c75fe38b2c7c77e5198535da9acdda40"
  integrity sha1-GRmmp8df44ssfHflGYU12prN2kA=
  dependencies:
    to-regex-range "^5.0.1"

finalhandler@1.1.2:
  version "1.1.2"
  resolved "https://registry.npm.taobao.org/finalhandler/download/finalhandler-1.1.2.tgz#b7e7d000ffd11938d0fdb053506f6ebabe9f587d"
  integrity sha1-t+fQAP/RGTjQ/bBTUG9uur6fWH0=
  dependencies:
    debug "2.6.9"
    encodeurl "~1.0.2"
    escape-html "~1.0.3"
    on-finished "~2.3.0"
    parseurl "~1.3.3"
    statuses "~1.5.0"
    unpipe "~1.0.0"

follow-redirects@^1.10.0:
  version "1.14.2"
  resolved "https://registry.nlark.com/follow-redirects/download/follow-redirects-1.14.2.tgz?cache=0&sync_timestamp=1629288607172&other_urls=https%3A%2F%2Fregistry.nlark.com%2Ffollow-redirects%2Fdownload%2Ffollow-redirects-1.14.2.tgz#cecb825047c00f5e66b142f90fed4f515dec789b"
  integrity sha1-zsuCUEfAD15msUL5D+1PUV3seJs=

fsevents@~2.3.2:
  version "2.3.2"
  resolved "https://registry.npm.taobao.org/fsevents/download/fsevents-2.3.2.tgz#8a526f78b8fdf4623b709e0b975c52c24c02fd1a"
  integrity sha1-ilJveLj99GI7cJ4Ll1xSwkwC/Ro=

function-bind@^1.1.1:
  version "1.1.1"
  resolved "https://registry.npm.taobao.org/function-bind/download/function-bind-1.1.1.tgz#a56899d3ea3c9bab874bb9773b7c5ede92f4895d"
  integrity sha1-pWiZ0+o8m6uHS7l3O3xe3pL0iV0=

generic-names@^2.0.1:
  version "2.0.1"
  resolved "https://registry.nlark.com/generic-names/download/generic-names-2.0.1.tgz#f8a378ead2ccaa7a34f0317b05554832ae41b872"
  integrity sha1-+KN46tLMqno08DF7BVVIMq5BuHI=
  dependencies:
    loader-utils "^1.1.0"

glob-parent@^5.1.2, glob-parent@~5.1.2:
  version "5.1.2"
  resolved "https://registry.nlark.com/glob-parent/download/glob-parent-5.1.2.tgz?cache=0&other_urls=https%3A%2F%2Fregistry.nlark.com%2Fglob-parent%2Fdownload%2Fglob-parent-5.1.2.tgz#869832c58034fe68a4093c17dc15e8340d8401c4"
  integrity sha1-hpgyxYA0/mikCTwX3BXoNA2EAcQ=
  dependencies:
    is-glob "^4.0.1"

has-flag@^4.0.0:
  version "4.0.0"
  resolved "https://registry.nlark.com/has-flag/download/has-flag-4.0.0.tgz#944771fd9c81c81265c4d6941860da06bb59479b"
  integrity sha1-lEdx/ZyByBJlxNaUGGDaBrtZR5s=

has@^1.0.3:
  version "1.0.3"
  resolved "https://registry.npm.taobao.org/has/download/has-1.0.3.tgz#722d7cbfc1f6aa8241f16dd814e011e1f41e8796"
  integrity sha1-ci18v8H2qoJB8W3YFOAR4fQeh5Y=
  dependencies:
    function-bind "^1.1.1"

hash-sum@^2.0.0:
  version "2.0.0"
  resolved "https://registry.nlark.com/hash-sum/download/hash-sum-2.0.0.tgz#81d01bb5de8ea4a214ad5d6ead1b523460b0b45a"
  integrity sha1-gdAbtd6OpKIUrV1urRtSNGCwtFo=

icss-replace-symbols@^1.1.0:
  version "1.1.0"
  resolved "https://registry.npm.taobao.org/icss-replace-symbols/download/icss-replace-symbols-1.1.0.tgz#06ea6f83679a7749e386cfe1fe812ae5db223ded"
  integrity sha1-Bupvg2ead0njhs/h/oEq5dsiPe0=

icss-utils@^5.0.0:
  version "5.1.0"
  resolved "https://registry.nlark.com/icss-utils/download/icss-utils-5.1.0.tgz#c6be6858abd013d768e98366ae47e25d5887b1ae"
  integrity sha1-xr5oWKvQE9do6YNmrkfiXViHsa4=

immediate@~3.0.5:
  version "3.0.6"
  resolved "https://registry.npm.taobao.org/immediate/download/immediate-3.0.6.tgz#9db1dbd0faf8de6fbe0f5dd5e56bb606280de69b"
  integrity sha1-nbHb0Pr43m++D13V5Wu2BigN5ps=

is-binary-path@~2.1.0:
  version "2.1.0"
  resolved "https://registry.npm.taobao.org/is-binary-path/download/is-binary-path-2.1.0.tgz#ea1f7f3b80f064236e83470f86c09c254fb45b09"
  integrity sha1-6h9/O4DwZCNug0cPhsCcJU+0Wwk=
  dependencies:
    binary-extensions "^2.0.0"

is-core-module@^2.2.0:
  version "2.6.0"
  resolved "https://registry.nlark.com/is-core-module/download/is-core-module-2.6.0.tgz#d7553b2526fe59b92ba3e40c8df757ec8a709e19"
  integrity sha1-11U7JSb+Wbkro+QMjfdX7Ipwnhk=
  dependencies:
    has "^1.0.3"

is-core-module@^2.8.1:
  version "2.8.1"
  resolved "https://registry.npmmirror.com/is-core-module/-/is-core-module-2.8.1.tgz#f59fdfca701d5879d0a6b100a40aa1560ce27211"
  integrity sha512-SdNCUs284hr40hFTFP6l0IfZ/RSrMXF3qgoRHd3/79unUTvrFO/JoXwkGm+5J/Oe3E/b5GsnG330uUNgRpu1PA==
  dependencies:
    has "^1.0.3"

is-extglob@^2.1.1:
  version "2.1.1"
  resolved "https://registry.npm.taobao.org/is-extglob/download/is-extglob-2.1.1.tgz#a88c02535791f02ed37c76a1b9ea9773c833f8c2"
  integrity sha1-qIwCU1eR8C7TfHahueqXc8gz+MI=

is-glob@^4.0.1, is-glob@~4.0.1:
  version "4.0.1"
  resolved "https://registry.npm.taobao.org/is-glob/download/is-glob-4.0.1.tgz#7567dbe9f2f5e2467bc77ab83c4a29482407a5dc"
  integrity sha1-dWfb6fL14kZ7x3q4PEopSCQHpdw=
  dependencies:
    is-extglob "^2.1.1"

is-module@^1.0.0:
  version "1.0.0"
  resolved "https://registry.npm.taobao.org/is-module/download/is-module-1.0.0.tgz#3258fb69f78c14d5b815d664336b4cffb6441591"
  integrity sha1-Mlj7afeMFNW4FdZkM2tM/7ZEFZE=

is-number@^7.0.0:
  version "7.0.0"
  resolved "https://registry.npm.taobao.org/is-number/download/is-number-7.0.0.tgz#7535345b896734d5f80c4d06c50955527a14f12b"
  integrity sha1-dTU0W4lnNNX4DE0GxQlVUnoU8Ss=

json5@^1.0.1:
  version "1.0.1"
  resolved "https://registry.nlark.com/json5/download/json5-1.0.1.tgz#779fb0018604fa854eacbf6252180d83543e3dbe"
  integrity sha1-d5+wAYYE+oVOrL9iUhgNg1Q+Pb4=
  dependencies:
    minimist "^1.2.0"

lie@3.1.1:
  version "3.1.1"
  resolved "https://registry.npm.taobao.org/lie/download/lie-3.1.1.tgz#9a436b2cc7746ca59de7a41fa469b3efb76bd87e"
  integrity sha1-mkNrLMd0bKWd56QfpGmz77dr2H4=
  dependencies:
    immediate "~3.0.5"

loader-utils@^1.1.0:
  version "1.4.0"
  resolved "https://registry.npm.taobao.org/loader-utils/download/loader-utils-1.4.0.tgz#c579b5e34cb34b1a74edc6c1fb36bfa371d5a613"
  integrity sha1-xXm140yzSxp07cbB+za/o3HVphM=
  dependencies:
    big.js "^5.2.2"
    emojis-list "^3.0.0"
    json5 "^1.0.1"

local-pkg@^0.4.1:
  version "0.4.1"
  resolved "https://registry.npmmirror.com/local-pkg/-/local-pkg-0.4.1.tgz#e7b0d7aa0b9c498a1110a5ac5b00ba66ef38cfff"
  integrity sha512-lL87ytIGP2FU5PWwNDo0w3WhIo2gopIAxPg9RxDYF7m4rr5ahuZxP22xnJHIvaLTe4Z9P6uKKY2UHiwyB4pcrw==

localforage@^1.9.0:
  version "1.10.0"
  resolved "https://registry.nlark.com/localforage/download/localforage-1.10.0.tgz#5c465dc5f62b2807c3a84c0c6a1b1b3212781dd4"
  integrity sha1-XEZdxfYrKAfDqEwMahsbMhJ4HdQ=
  dependencies:
    lie "3.1.1"

lodash.camelcase@^4.3.0:
  version "4.3.0"
  resolved "https://registry.nlark.com/lodash.camelcase/download/lodash.camelcase-4.3.0.tgz#b28aa6288a2b9fc651035c7711f65ab6190331a6"
  integrity sha1-soqmKIorn8ZRA1x3EfZathkDMaY=

lodash@^4.17.21:
  version "4.17.21"
  resolved "https://registry.npmmirror.com/lodash/-/lodash-4.17.21.tgz#679591c564c3bffaae8454cf0b3df370c3d6911c"
  integrity sha512-v2kDEe57lecTulaDIuNTPy3Ry4gLGJ6Z1O3vE1krgXZNrsQ+LFTGHVxVjcXPs17LhbZVGedAJv8XZ1tvj5FvSg==

lru-cache@^5.1.1:
  version "5.1.1"
  resolved "https://registry.nlark.com/lru-cache/download/lru-cache-5.1.1.tgz#1da27e6710271947695daf6848e847f01d84b920"
  integrity sha1-HaJ+ZxAnGUdpXa9oSOhH8B2EuSA=
  dependencies:
    yallist "^3.0.2"

magic-string@^0.25.7:
  version "0.25.7"
  resolved "https://registry.nlark.com/magic-string/download/magic-string-0.25.7.tgz#3f497d6fd34c669c6798dcb821f2ef31f5445051"
  integrity sha1-P0l9b9NMZpxnmNy4IfLvMfVEUFE=
  dependencies:
    sourcemap-codec "^1.4.4"

memoize-one@^6.0.0:
  version "6.0.0"
  resolved "https://registry.npmmirror.com/memoize-one/-/memoize-one-6.0.0.tgz#b2591b871ed82948aee4727dc6abceeeac8c1045"
  integrity sha512-rkpe71W0N0c0Xz6QD0eJETuWAJGnJ9afsl1srmwPrI+yBCkge5EycXXbYRyvL29zZVUWQCY7InPRCv3GDXuZNw==

merge-source-map@^1.1.0:
  version "1.1.0"
  resolved "https://registry.npm.taobao.org/merge-source-map/download/merge-source-map-1.1.0.tgz#2fdde7e6020939f70906a68f2d7ae685e4c8c646"
  integrity sha1-L93n5gIJOfcJBqaPLXrmheTIxkY=
  dependencies:
    source-map "^0.6.1"

merge2@^1.3.0:
  version "1.4.1"
  resolved "https://registry.npm.taobao.org/merge2/download/merge2-1.4.1.tgz?cache=0&sync_timestamp=1591169980723&other_urls=https%3A%2F%2Fregistry.npm.taobao.org%2Fmerge2%2Fdownload%2Fmerge2-1.4.1.tgz#4368892f885e907455a6fd7dc55c0c9d404990ae"
  integrity sha1-Q2iJL4hekHRVpv19xVwMnUBJkK4=

micromatch@^4.0.4:
  version "4.0.4"
  resolved "https://registry.nlark.com/micromatch/download/micromatch-4.0.4.tgz#896d519dfe9db25fce94ceb7a500919bf881ebf9"
  integrity sha1-iW1Rnf6dsl/OlM63pQCRm/iB6/k=
  dependencies:
    braces "^3.0.1"
    picomatch "^2.2.3"

minimatch@^3.0.4:
  version "3.0.5"
  resolved "https://registry.npmmirror.com/minimatch/-/minimatch-3.0.5.tgz#4da8f1290ee0f0f8e83d60ca69f8f134068604a3"
  integrity sha512-tUpxzX0VAzJHjLu0xUfFv1gwVp9ba3IOuRAVH2EGuRW8a5emA2FlACLqiT/lDVtS1W+TGNwqz3sWaNyLgDJWuw==
  dependencies:
    brace-expansion "^1.1.7"

minimist@^1.2.0:
  version "1.2.5"
  resolved "https://registry.npm.taobao.org/minimist/download/minimist-1.2.5.tgz#67d66014b66a6a8aaa0c083c5fd58df4e4e97602"
  integrity sha1-Z9ZgFLZqaoqqDAg8X9WN9OTpdgI=

mockjs@^1.1.0:
  version "1.1.0"
  resolved "https://registry.nlark.com/mockjs/download/mockjs-1.1.0.tgz#e6a0c378e91906dbaff20911cc0273b3c7d75b06"
  integrity sha1-5qDDeOkZBtuv8gkRzAJzs8fXWwY=
  dependencies:
    commander "*"

ms@2.0.0:
  version "2.0.0"
  resolved "https://registry.nlark.com/ms/download/ms-2.0.0.tgz#5608aeadfc00be6c2901df5f9861788de0d597c8"
  integrity sha1-VgiurfwAvmwpAd9fmGF4jeDVl8g=

ms@2.1.2:
  version "2.1.2"
  resolved "https://registry.nlark.com/ms/download/ms-2.1.2.tgz#d09d1f357b443f493382a8eb3ccd183872ae6009"
  integrity sha1-0J0fNXtEP0kzgqjrPM0YOHKuYAk=

nanoid@^3.1.23:
  version "3.1.25"
  resolved "https://registry.nlark.com/nanoid/download/nanoid-3.1.25.tgz#09ca32747c0e543f0e1814b7d3793477f9c8e152"
  integrity sha1-CcoydHwOVD8OGBS303k0d/nI4VI=

normalize-path@^3.0.0, normalize-path@~3.0.0:
  version "3.0.0"
  resolved "https://registry.nlark.com/normalize-path/download/normalize-path-3.0.0.tgz#0dcd69ff23a1c9b11fd0978316644a0388216a65"
  integrity sha1-Dc1p/yOhybEf0JeDFmRKA4ghamU=

normalize-wheel-es@^1.1.1:
  version "1.1.1"
  resolved "https://registry.npmmirror.com/normalize-wheel-es/-/normalize-wheel-es-1.1.1.tgz#a8096db6a56f94332d884fd8ebeda88f2fc79569"
  integrity sha512-157VNH4CngrcsvF8xOVOe22cwniIR3nxSltdctvQeHZj8JttEeOXffK28jucWfWBXs0QNetAumjc1GiInnwX4w==

on-finished@~2.3.0:
  version "2.3.0"
  resolved "https://registry.npm.taobao.org/on-finished/download/on-finished-2.3.0.tgz#20f1336481b083cd75337992a16971aa2d906947"
  integrity sha1-IPEzZIGwg811M3mSoWlxqi2QaUc=
  dependencies:
    ee-first "1.1.1"

parseurl@~1.3.3:
  version "1.3.3"
  resolved "https://registry.nlark.com/parseurl/download/parseurl-1.3.3.tgz#9da19e7bee8d12dff0513ed5b76957793bc2e8d4"
  integrity sha1-naGee+6NEt/wUT7Vt2lXeTvC6NQ=

path-parse@^1.0.6, path-parse@^1.0.7:
  version "1.0.7"
  resolved "https://registry.nlark.com/path-parse/download/path-parse-1.0.7.tgz?cache=0&sync_timestamp=1621947812221&other_urls=https%3A%2F%2Fregistry.nlark.com%2Fpath-parse%2Fdownload%2Fpath-parse-1.0.7.tgz#fbc114b60ca42b30d9daf5858e4bd68bbedb6735"
  integrity sha1-+8EUtgykKzDZ2vWFjkvWi77bZzU=

path-to-regexp@^6.2.0:
  version "6.2.0"
  resolved "https://registry.npm.taobao.org/path-to-regexp/download/path-to-regexp-6.2.0.tgz#f7b3803336104c346889adece614669230645f38"
  integrity sha1-97OAMzYQTDRoia3s5hRmkjBkXzg=

picomatch@^2.0.4, picomatch@^2.2.1, picomatch@^2.2.2, picomatch@^2.2.3:
  version "2.3.0"
  resolved "https://registry.nlark.com/picomatch/download/picomatch-2.3.0.tgz?cache=0&sync_timestamp=1621648222514&other_urls=https%3A%2F%2Fregistry.nlark.com%2Fpicomatch%2Fdownload%2Fpicomatch-2.3.0.tgz#f1f061de8f6a4bf022892e2d128234fb98302972"
  integrity sha1-8fBh3o9qS/AiiS4tEoI0+5gwKXI=

postcss-modules-extract-imports@^3.0.0:
  version "3.0.0"
  resolved "https://registry.npm.taobao.org/postcss-modules-extract-imports/download/postcss-modules-extract-imports-3.0.0.tgz#cda1f047c0ae80c97dbe28c3e76a43b88025741d"
  integrity sha1-zaHwR8CugMl9vijD52pDuIAldB0=

postcss-modules-local-by-default@^4.0.0:
  version "4.0.0"
  resolved "https://registry.nlark.com/postcss-modules-local-by-default/download/postcss-modules-local-by-default-4.0.0.tgz#ebbb54fae1598eecfdf691a02b3ff3b390a5a51c"
  integrity sha1-67tU+uFZjuz99pGgKz/zs5ClpRw=
  dependencies:
    icss-utils "^5.0.0"
    postcss-selector-parser "^6.0.2"
    postcss-value-parser "^4.1.0"

postcss-modules-scope@^3.0.0:
  version "3.0.0"
  resolved "https://registry.nlark.com/postcss-modules-scope/download/postcss-modules-scope-3.0.0.tgz#9ef3151456d3bbfa120ca44898dfca6f2fa01f06"
  integrity sha1-nvMVFFbTu/oSDKRImN/Kby+gHwY=
  dependencies:
    postcss-selector-parser "^6.0.4"

postcss-modules-values@^4.0.0:
  version "4.0.0"
  resolved "https://registry.nlark.com/postcss-modules-values/download/postcss-modules-values-4.0.0.tgz#d7c5e7e68c3bb3c9b27cbf48ca0bb3ffb4602c9c"
  integrity sha1-18Xn5ow7s8myfL9Iyguz/7RgLJw=
  dependencies:
    icss-utils "^5.0.0"

postcss-modules@^4.0.0:
  version "4.2.2"
  resolved "https://registry.nlark.com/postcss-modules/download/postcss-modules-4.2.2.tgz#5e7777c5a8964ea176919d90b2e54ef891321ce5"
  integrity sha1-Xnd3xaiWTqF2kZ2QsuVO+JEyHOU=
  dependencies:
    generic-names "^2.0.1"
    icss-replace-symbols "^1.1.0"
    lodash.camelcase "^4.3.0"
    postcss-modules-extract-imports "^3.0.0"
    postcss-modules-local-by-default "^4.0.0"
    postcss-modules-scope "^3.0.0"
    postcss-modules-values "^4.0.0"
    string-hash "^1.1.1"

postcss-selector-parser@^6.0.2, postcss-selector-parser@^6.0.4:
  version "6.0.6"
  resolved "https://registry.nlark.com/postcss-selector-parser/download/postcss-selector-parser-6.0.6.tgz?cache=0&sync_timestamp=1620753051451&other_urls=https%3A%2F%2Fregistry.nlark.com%2Fpostcss-selector-parser%2Fdownload%2Fpostcss-selector-parser-6.0.6.tgz#2c5bba8174ac2f6981ab631a42ab0ee54af332ea"
  integrity sha1-LFu6gXSsL2mBq2MaQqsO5UrzMuo=
  dependencies:
    cssesc "^3.0.0"
    util-deprecate "^1.0.2"

postcss-value-parser@^4.1.0:
  version "4.1.0"
  resolved "https://registry.nlark.com/postcss-value-parser/download/postcss-value-parser-4.1.0.tgz#443f6a20ced6481a2bda4fa8532a6e55d789a2cb"
  integrity sha1-RD9qIM7WSBor2k+oUypuVdeJoss=

postcss@^8.1.10, postcss@^8.3.6:
  version "8.3.6"
  resolved "https://registry.nlark.com/postcss/download/postcss-8.3.6.tgz?cache=0&sync_timestamp=1626882991667&other_urls=https%3A%2F%2Fregistry.nlark.com%2Fpostcss%2Fdownload%2Fpostcss-8.3.6.tgz#2730dd76a97969f37f53b9a6096197be311cc4ea"
  integrity sha1-JzDddql5afN/U7mmCWGXvjEcxOo=
  dependencies:
    colorette "^1.2.2"
    nanoid "^3.1.23"
    source-map-js "^0.6.2"

queue-microtask@^1.2.2:
  version "1.2.3"
  resolved "https://registry.nlark.com/queue-microtask/download/queue-microtask-1.2.3.tgz#4929228bbc724dfac43e0efb058caf7b6cfb6243"
  integrity sha1-SSkii7xyTfrEPg77BYyve2z7YkM=

readdirp@~3.6.0:
  version "3.6.0"
  resolved "https://registry.npm.taobao.org/readdirp/download/readdirp-3.6.0.tgz#74a370bd857116e245b29cc97340cd431a02a6c7"
  integrity sha1-dKNwvYVxFuJFspzJc0DNQxoCpsc=
  dependencies:
    picomatch "^2.2.1"

resolve@^1.19.0, resolve@^1.20.0:
  version "1.20.0"
  resolved "https://registry.nlark.com/resolve/download/resolve-1.20.0.tgz#629a013fb3f70755d6f0b7935cc1c2c5378b1975"
  integrity sha1-YpoBP7P3B1XW8LeTXMHCxTeLGXU=
  dependencies:
    is-core-module "^2.2.0"
    path-parse "^1.0.6"

resolve@^1.21.0:
  version "1.22.0"
  resolved "https://registry.npmmirror.com/resolve/-/resolve-1.22.0.tgz#5e0b8c67c15df57a89bdbabe603a002f21731198"
  integrity sha512-Hhtrw0nLeSrFQ7phPp4OOcVjLPIeMnRlr5mcnVuMe7M/7eBn98A3hmFRLoFo3DLZkivSYwhRUJTyPyWAk56WLw==
  dependencies:
    is-core-module "^2.8.1"
    path-parse "^1.0.7"
    supports-preserve-symlinks-flag "^1.0.0"

reusify@^1.0.4:
  version "1.0.4"
  resolved "https://registry.npm.taobao.org/reusify/download/reusify-1.0.4.tgz#90da382b1e126efc02146e90845a88db12925d76"
  integrity sha1-kNo4Kx4SbvwCFG6QhFqI2xKSXXY=

rollup@^2.38.5:
  version "2.56.3"
  resolved "https://registry.nlark.com/rollup/download/rollup-2.56.3.tgz#b63edadd9851b0d618a6d0e6af8201955a77aeff"
  integrity sha1-tj7a3ZhRsNYYptDmr4IBlVp3rv8=
  optionalDependencies:
    fsevents "~2.3.2"

run-parallel@^1.1.9:
  version "1.2.0"
  resolved "https://registry.npm.taobao.org/run-parallel/download/run-parallel-1.2.0.tgz?cache=0&sync_timestamp=1612926010269&other_urls=https%3A%2F%2Fregistry.npm.taobao.org%2Frun-parallel%2Fdownload%2Frun-parallel-1.2.0.tgz#66d1368da7bdf921eb9d95bd1a9229e7f21a43ee"
  integrity sha1-ZtE2jae9+SHrnZW9GpIp5/IaQ+4=
  dependencies:
    queue-microtask "^1.2.2"

sass@^1.30.0:
  version "1.38.1"
  resolved "https://registry.nlark.com/sass/download/sass-1.38.1.tgz?cache=0&sync_timestamp=1629763412639&other_urls=https%3A%2F%2Fregistry.nlark.com%2Fsass%2Fdownload%2Fsass-1.38.1.tgz#54dfb17fb168846b5850324b82fc62dc68f51bad"
  integrity sha1-VN+xf7FohGtYUDJLgvxi3Gj1G60=
  dependencies:
    chokidar ">=3.0.0 <4.0.0"

source-map-js@^0.6.2:
  version "0.6.2"
  resolved "https://registry.npm.taobao.org/source-map-js/download/source-map-js-0.6.2.tgz#0bb5de631b41cfbda6cfba8bd05a80efdfd2385e"
  integrity sha1-C7XeYxtBz72mz7qL0FqA79/SOF4=

source-map@0.6.1, source-map@^0.6.1:
  version "0.6.1"
  resolved "https://registry.npm.taobao.org/source-map/download/source-map-0.6.1.tgz#74722af32e9614e9c287a8d0bbde48b5e2f1a263"
  integrity sha1-dHIq8y6WFOnCh6jQu95IteLxomM=

sourcemap-codec@^1.4.4:
  version "1.4.8"
  resolved "https://registry.npm.taobao.org/sourcemap-codec/download/sourcemap-codec-1.4.8.tgz#ea804bd94857402e6992d05a38ef1ae35a9ab4c4"
  integrity sha1-6oBL2UhXQC5pktBaOO8a41qatMQ=

statuses@~1.5.0:
  version "1.5.0"
  resolved "https://registry.npm.taobao.org/statuses/download/statuses-1.5.0.tgz?cache=0&sync_timestamp=1609654218656&other_urls=https%3A%2F%2Fregistry.npm.taobao.org%2Fstatuses%2Fdownload%2Fstatuses-1.5.0.tgz#161c7dac177659fd9811f43771fa99381478628c"
  integrity sha1-Fhx9rBd2Wf2YEfQ3cfqZOBR4Yow=

string-hash@^1.1.1:
  version "1.1.3"
  resolved "https://registry.npm.taobao.org/string-hash/download/string-hash-1.1.3.tgz#e8aafc0ac1855b4666929ed7dd1275df5d6c811b"
  integrity sha1-6Kr8CsGFW0Zmkp7X3RJ1311sgRs=

supports-color@^7.1.0:
  version "7.2.0"
  resolved "https://registry.nlark.com/supports-color/download/supports-color-7.2.0.tgz#1b7dcdcb32b8138801b3e478ba6a51caa89648da"
  integrity sha1-G33NyzK4E4gBs+R4umpRyqiWSNo=
  dependencies:
    has-flag "^4.0.0"

supports-preserve-symlinks-flag@^1.0.0:
  version "1.0.0"
  resolved "https://registry.npmmirror.com/supports-preserve-symlinks-flag/-/supports-preserve-symlinks-flag-1.0.0.tgz#6eda4bd344a3c94aea376d4cc31bc77311039e09"
  integrity sha512-ot0WnXS9fgdkgIcePe6RHNk1WA8+muPa6cSjeR3V8K27q9BB1rTE3R1p7Hv0z1ZyAc8s6Vvv8DIyWf681MAt0w==

to-fast-properties@^2.0.0:
  version "2.0.0"
  resolved "https://registry.nlark.com/to-fast-properties/download/to-fast-properties-2.0.0.tgz?cache=0&sync_timestamp=1628419205381&other_urls=https%3A%2F%2Fregistry.nlark.com%2Fto-fast-properties%2Fdownload%2Fto-fast-properties-2.0.0.tgz#dc5e698cbd079265bc73e0377681a4e4e83f616e"
  integrity sha1-3F5pjL0HkmW8c+A3doGk5Og/YW4=

to-regex-range@^5.0.1:
  version "5.0.1"
  resolved "https://registry.nlark.com/to-regex-range/download/to-regex-range-5.0.1.tgz#1648c44aae7c8d988a326018ed72f5b4dd0392e4"
  integrity sha1-FkjESq58jZiKMmAY7XL1tN0DkuQ=
  dependencies:
    is-number "^7.0.0"

unpipe@~1.0.0:
  version "1.0.0"
  resolved "https://registry.npm.taobao.org/unpipe/download/unpipe-1.0.0.tgz#b2bf4ee8514aae6165b4817829d21b2ef49904ec"
  integrity sha1-sr9O6FFKrmFltIF4KdIbLvSZBOw=

unplugin-auto-import@^0.5.11:
  version "0.5.11"
  resolved "https://registry.npmmirror.com/unplugin-auto-import/-/unplugin-auto-import-0.5.11.tgz#334768c734456bd802344547b839d7164ed8bd42"
  integrity sha512-MJ3POLe/IysRHF4yd32FkKDoxqSRoiuIHm89ys67B8FLuz2Pvh9poeqTVe6IhJsNxwv0+GSdFfj5Dpq24lhm4g==
  dependencies:
    "@antfu/utils" "^0.4.0"
    "@rollup/pluginutils" "^4.1.2"
    local-pkg "^0.4.1"
    magic-string "^0.25.7"
    resolve "^1.21.0"
    unplugin "^0.3.0"

unplugin-vue-components@^0.17.18:
  version "0.17.18"
  resolved "https://registry.npmmirror.com/unplugin-vue-components/-/unplugin-vue-components-0.17.18.tgz#d647f85940d78f2be66620b9f1ac1ea232edbfc5"
  integrity sha512-4wvJnSShTXCnZpO1G6h0DlHjBXap0JqzFyU84guMT6EH0shUZZ3TAta4pDa8nNeWAtcJVTF9uQswePq1elhpKQ==
  dependencies:
    "@antfu/utils" "^0.4.0"
    "@rollup/pluginutils" "^4.1.2"
    chokidar "^3.5.2"
    debug "^4.3.3"
    fast-glob "^3.2.11"
    local-pkg "^0.4.1"
    magic-string "^0.25.7"
    minimatch "^3.0.4"
    resolve "^1.21.0"
    unplugin "^0.3.0"

unplugin@^0.3.0:
  version "0.3.2"
  resolved "https://registry.npmmirror.com/unplugin/-/unplugin-0.3.2.tgz#5113b13b90df14f92e17ddafed9d465bb18d2ca6"
  integrity sha512-5d0DMYNKZU+S9eZUiBfw6Co32eRg8myUgBPoWSqG/wDFCUE/WznfSsJnZWi1P9l69x4uLJqt2qVq1xW/AsXFrw==
  dependencies:
    webpack-virtual-modules "^0.4.3"

util-deprecate@^1.0.2:
  version "1.0.2"
  resolved "https://registry.npm.taobao.org/util-deprecate/download/util-deprecate-1.0.2.tgz#450d4dc9fa70de732762fbd2d4a28981419a0ccf"
  integrity sha1-RQ1Nyfpw3nMnYvvS1KKJgUGaDM8=

utils-merge@1.0.1:
  version "1.0.1"
  resolved "https://registry.nlark.com/utils-merge/download/utils-merge-1.0.1.tgz#9f95710f50a267947b2ccc124741c1028427e713"
  integrity sha1-n5VxD1CiZ5R7LMwSR0HBAoQn5xM=

vite-plugin-mock@^2.9.4:
  version "2.9.6"
  resolved "https://registry.nlark.com/vite-plugin-mock/download/vite-plugin-mock-2.9.6.tgz#04dd23de6baa052faa5b9ad317514c90d6205e25"
  integrity sha1-BN0j3muqBS+qW5rTF1FMkNYgXiU=
  dependencies:
    "@rollup/plugin-node-resolve" "^13.0.4"
    "@types/mockjs" "^1.0.4"
    chalk "^4.1.2"
    chokidar "^3.5.2"
    connect "^3.7.0"
    debug "^4.3.2"
    esbuild "0.11.3"
    fast-glob "^3.2.7"
    path-to-regexp "^6.2.0"

vite@^2.4.4:
  version "2.5.0"
  resolved "https://registry.nlark.com/vite/download/vite-2.5.0.tgz#111ba3679432d426e44566acf480005a7914cbd6"
  integrity sha1-ERujZ5Qy1CbkRWas9IAAWnkUy9Y=
  dependencies:
    esbuild "^0.12.17"
    postcss "^8.3.6"
    resolve "^1.20.0"
    rollup "^2.38.5"
  optionalDependencies:
    fsevents "~2.3.2"

vue-demi@*:
  version "0.12.1"
  resolved "https://registry.npmmirror.com/vue-demi/-/vue-demi-0.12.1.tgz#f7e18efbecffd11ab069d1472d7a06e319b4174c"
  integrity sha512-QL3ny+wX8c6Xm1/EZylbgzdoDolye+VpCXRhI2hug9dJTP3OUJ3lmiKN3CsVV3mOJKwFi0nsstbgob0vG7aoIw==

vue-i18n@^9.1.7:
  version "9.1.7"
  resolved "https://registry.nlark.com/vue-i18n/download/vue-i18n-9.1.7.tgz#6f28dd2135197066508e2e65ab204a019750d773"
  integrity sha1-byjdITUZcGZQji5lqyBKAZdQ13M=
  dependencies:
    "@intlify/core-base" "9.1.7"
    "@intlify/shared" "9.1.7"
    "@intlify/vue-devtools" "9.1.7"
    "@vue/devtools-api" "^6.0.0-beta.7"

vue-router@4:
  version "4.0.11"
  resolved "https://registry.nlark.com/vue-router/download/vue-router-4.0.11.tgz#cd649a0941c635281763a20965b599643ddc68ed"
  integrity sha1-zWSaCUHGNSgXY6IJZbWZZD3caO0=
  dependencies:
    "@vue/devtools-api" "^6.0.0-beta.14"

vue@^3.0.5:
  version "3.2.4"
  resolved "https://registry.nlark.com/vue/download/vue-3.2.4.tgz#d94d88675e41c050d3a722d0848a7063b5e87a60"
  integrity sha1-2U2IZ15BwFDTpyLQhIpwY7XoemA=
  dependencies:
    "@vue/compiler-dom" "3.2.4"
    "@vue/runtime-dom" "3.2.4"
    "@vue/shared" "3.2.4"

vuex@^4.0.0-rc.2:
  version "4.0.2"
  resolved "https://registry.nlark.com/vuex/download/vuex-4.0.2.tgz#f896dbd5bf2a0e963f00c67e9b610de749ccacc9"
  integrity sha1-+Jbb1b8qDpY/AMZ+m2EN50nMrMk=
  dependencies:
    "@vue/devtools-api" "^6.0.0-beta.11"

webpack-virtual-modules@^0.4.3:
  version "0.4.3"
  resolved "https://registry.npmmirror.com/webpack-virtual-modules/-/webpack-virtual-modules-0.4.3.tgz#cd597c6d51d5a5ecb473eea1983a58fa8a17ded9"
  integrity sha512-5NUqC2JquIL2pBAAo/VfBP6KuGkHIZQXW/lNKupLPfhViwh8wNsu0BObtl09yuKZszeEUfbXz8xhrHvSG16Nqw==

yallist@^3.0.2:
  version "3.1.1"
  resolved "https://registry.npm.taobao.org/yallist/download/yallist-3.1.1.tgz#dbb7daf9bfd8bac9ab45ebf602b8cbad0d5d08fd"
  integrity sha1-27fa+b/YusmrRev2ArjLrQ1dCP0=
